
Microsoft Visual Studio Solution File, Format Version 12.00
# Visual Studio 14
VisualStudioVersion = 14.0.24720.0
MinimumVisualStudioVersion = 10.0.40219.1
Project("{FAE04EC0-301F-11D3-BF4B-00C04F79EFBC}") = "PasswordCrackingServer", "PasswordCrackingServer\PasswordCrackingServer.csproj", "{9F3B8C41-2B17-4997-9E9D-3D866ED863F9}"
EndProject
Project("{FAE04EC0-301F-11D3-BF4B-00C04F79EFBC}") = "PasswordCrackingClient", "PassWordCrackingClient\PasswordCrackingClient.csproj", "{D2421D4C-2852-47B2-9D83-715EFF22F5F7}"
EndProject
Global
	GlobalSection(SolutionConfigurationPlatforms) = preSolution
		Debug|Any CPU = Debug|Any CPU
		Release|Any CPU = Release|Any CPU
	EndGlobalSection
	GlobalSection(ProjectConfigurationPlatforms) = postSolution
		{9F3B8C41-2B17-4997-9E9D-3D866ED863F9}.Debug|Any CPU.ActiveCfg = Debug|Any CPU
		{9F3B8C41-2B17-4997-9E9D-3D866ED863F9}.Debug|Any CPU.Build.0 = Debug|Any CPU
		{9F3B8C41-2B17-4997-9E9D-3D866ED863F9}.Release|Any CPU.ActiveCfg = Release|Any CPU
		{9F3B8C41-2B17-4997-9E9D-3D866ED863F9}.Release|Any CPU.Build.0 = Release|Any CPU
		{D2421D4C-2852-47B2-9D83-715EFF22F5F7}.Debug|Any CPU.ActiveCfg = Debug|Any CPU
		{D2421D4C-2852-47B2-9D83-715EFF22F5F7}.Debug|Any CPU.Build.0 = Debug|Any CPU
		{D2421D4C-2852-47B2-9D83-715EFF22F5F7}.Release|Any CPU.ActiveCfg = Release|Any CPU
		{D2421D4C-2852-47B2-9D83-715EFF22F5F7}.Release|Any CPU.Build.0 = Release|Any CPU
	EndGlobalSection
	GlobalSection(SolutionProperties) = preSolution
		HideSolutionNode = FALSE
	EndGlobalSection
EndGlobal
